// !$*UTF8*$!
{
	archiveVersion = 1;
	classes = {
	};
	objectVersion = 50;
	objects = {

/* Begin PBXBuildFile section */
		7FBA0CC102576FB16057F137 /* Pods_DocumentPDF.framework in Frameworks */ = {isa = PBXBuildFile; fileRef = CEF78DF89B6EA60B41E439AB /* Pods_DocumentPDF.framework */; };
		C0A6C7F62462CCC70084111E /* InitialViewController.swift in Sources */ = {isa = PBXBuildFile; fileRef = C0A6C7F52462CCC70084111E /* InitialViewController.swift */; };
		C0E5C5F324646DC4007CEF9F /* .swiftlint.yml in Resources */ = {isa = PBXBuildFile; fileRef = C0E5C5F224646DC4007CEF9F /* .swiftlint.yml */; };
		C0F8458724585A9C00780563 /* AppDelegate.swift in Sources */ = {isa = PBXBuildFile; fileRef = C0F8458624585A9C00780563 /* AppDelegate.swift */; };
		C0F8458924585A9C00780563 /* ViewController.swift in Sources */ = {isa = PBXBuildFile; fileRef = C0F8458824585A9C00780563 /* ViewController.swift */; };
		C0F8458C24585A9C00780563 /* Main.storyboard in Resources */ = {isa = PBXBuildFile; fileRef = C0F8458A24585A9C00780563 /* Main.storyboard */; };
		C0F8458E24585A9F00780563 /* Assets.xcassets in Resources */ = {isa = PBXBuildFile; fileRef = C0F8458D24585A9F00780563 /* Assets.xcassets */; };
		C0F8459124585A9F00780563 /* LaunchScreen.storyboard in Resources */ = {isa = PBXBuildFile; fileRef = C0F8458F24585A9F00780563 /* LaunchScreen.storyboard */; };
		C0F8459924585CE700780563 /* ImageViewController.swift in Sources */ = {isa = PBXBuildFile; fileRef = C0F8459824585CE700780563 /* ImageViewController.swift */; };
		C0F8459B24595ED800780563 /* PDFViewController.swift in Sources */ = {isa = PBXBuildFile; fileRef = C0F8459A24595ED800780563 /* PDFViewController.swift */; };
/* End PBXBuildFile section */

/* Begin PBXFileReference section */
		1C1C63563EB53BF9E67E28EB /* Pods-DocumentPDF.release.xcconfig */ = {isa = PBXFileReference; includeInIndex = 1; lastKnownFileType = text.xcconfig; name = "Pods-DocumentPDF.release.xcconfig"; path = "Target Support Files/Pods-DocumentPDF/Pods-DocumentPDF.release.xcconfig"; sourceTree = "<group>"; };
		B27309A570612706B9B823A1 /* Pods-DocumentPDF.debug.xcconfig */ = {isa = PBXFileReference; includeInIndex = 1; lastKnownFileType = text.xcconfig; name = "Pods-DocumentPDF.debug.xcconfig"; path = "Target Support Files/Pods-DocumentPDF/Pods-DocumentPDF.debug.xcconfig"; sourceTree = "<group>"; };
		C0A6C7F52462CCC70084111E /* InitialViewController.swift */ = {isa = PBXFileReference; lastKnownFileType = sourcecode.swift; path = InitialViewController.swift; sourceTree = "<group>"; };
		C0E5C5F224646DC4007CEF9F /* .swiftlint.yml */ = {isa = PBXFileReference; lastKnownFileType = text.yaml; path = .swiftlint.yml; sourceTree = "<group>"; };
		C0F8458324585A9C00780563 /* DocumentPDF.app */ = {isa = PBXFileReference; explicitFileType = wrapper.application; includeInIndex = 0; path = DocumentPDF.app; sourceTree = BUILT_PRODUCTS_DIR; };
		C0F8458624585A9C00780563 /* AppDelegate.swift */ = {isa = PBXFileReference; lastKnownFileType = sourcecode.swift; path = AppDelegate.swift; sourceTree = "<group>"; };
		C0F8458824585A9C00780563 /* ViewController.swift */ = {isa = PBXFileReference; lastKnownFileType = sourcecode.swift; path = ViewController.swift; sourceTree = "<group>"; };
		C0F8458B24585A9C00780563 /* Base */ = {isa = PBXFileReference; lastKnownFileType = file.storyboard; name = Base; path = Base.lproj/Main.storyboard; sourceTree = "<group>"; };
		C0F8458D24585A9F00780563 /* Assets.xcassets */ = {isa = PBXFileReference; lastKnownFileType = folder.assetcatalog; path = Assets.xcassets; sourceTree = "<group>"; };
		C0F8459024585A9F00780563 /* Base */ = {isa = PBXFileReference; lastKnownFileType = file.storyboard; name = Base; path = Base.lproj/LaunchScreen.storyboard; sourceTree = "<group>"; };
		C0F8459224585A9F00780563 /* Info.plist */ = {isa = PBXFileReference; lastKnownFileType = text.plist.xml; path = Info.plist; sourceTree = "<group>"; };
		C0F8459824585CE700780563 /* ImageViewController.swift */ = {isa = PBXFileReference; lastKnownFileType = sourcecode.swift; path = ImageViewController.swift; sourceTree = "<group>"; };
		C0F8459A24595ED800780563 /* PDFViewController.swift */ = {isa = PBXFileReference; lastKnownFileType = sourcecode.swift; path = PDFViewController.swift; sourceTree = "<group>"; };
		CEF78DF89B6EA60B41E439AB /* Pods_DocumentPDF.framework */ = {isa = PBXFileReference; explicitFileType = wrapper.framework; includeInIndex = 0; path = Pods_DocumentPDF.framework; sourceTree = BUILT_PRODUCTS_DIR; };
/* End PBXFileReference section */

/* Begin PBXFrameworksBuildPhase section */
		C0F8458024585A9C00780563 /* Frameworks */ = {
			isa = PBXFrameworksBuildPhase;
			buildActionMask = 2147483647;
			files = (
				7FBA0CC102576FB16057F137 /* Pods_DocumentPDF.framework in Frameworks */,
			);
			runOnlyForDeploymentPostprocessing = 0;
		};
/* End PBXFrameworksBuildPhase section */

/* Begin PBXGroup section */
		60843FF6DD54590949BC39B9 /* Pods */ = {
			isa = PBXGroup;
			children = (
				B27309A570612706B9B823A1 /* Pods-DocumentPDF.debug.xcconfig */,
				1C1C63563EB53BF9E67E28EB /* Pods-DocumentPDF.release.xcconfig */,
			);
			path = Pods;
			sourceTree = "<group>";
		};
		736951C2154D17A6F53B6F04 /* Frameworks */ = {
			isa = PBXGroup;
			children = (
				CEF78DF89B6EA60B41E439AB /* Pods_DocumentPDF.framework */,
			);
			name = Frameworks;
			sourceTree = "<group>";
		};
		C0F8457A24585A9B00780563 = {
			isa = PBXGroup;
			children = (
				C0E5C5F224646DC4007CEF9F /* .swiftlint.yml */,
				C0F8458524585A9C00780563 /* DocumentPDF */,
				C0F8458424585A9C00780563 /* Products */,
				60843FF6DD54590949BC39B9 /* Pods */,
				736951C2154D17A6F53B6F04 /* Frameworks */,
			);
			sourceTree = "<group>";
		};
		C0F8458424585A9C00780563 /* Products */ = {
			isa = PBXGroup;
			children = (
				C0F8458324585A9C00780563 /* DocumentPDF.app */,
			);
			name = Products;
			sourceTree = "<group>";
		};
		C0F8458524585A9C00780563 /* DocumentPDF */ = {
			isa = PBXGroup;
			children = (
				C0F8458624585A9C00780563 /* AppDelegate.swift */,
				C0F8458824585A9C00780563 /* ViewController.swift */,
				C0F8458A24585A9C00780563 /* Main.storyboard */,
				C0F8459A24595ED800780563 /* PDFViewController.swift */,
				C0F8459824585CE700780563 /* ImageViewController.swift */,
				C0A6C7F52462CCC70084111E /* InitialViewController.swift */,
				C0F8458D24585A9F00780563 /* Assets.xcassets */,
				C0F8458F24585A9F00780563 /* LaunchScreen.storyboard */,
				C0F8459224585A9F00780563 /* Info.plist */,
			);
			path = DocumentPDF;
			sourceTree = "<group>";
		};
/* End PBXGroup section */

/* Begin PBXNativeTarget section */
		C0F8458224585A9C00780563 /* DocumentPDF */ = {
			isa = PBXNativeTarget;
			buildConfigurationList = C0F8459524585A9F00780563 /* Build configuration list for PBXNativeTarget "DocumentPDF" */;
			buildPhases = (
				4AE0578462DF3F758955C8E4 /* [CP] Check Pods Manifest.lock */,
				C0F8457F24585A9C00780563 /* Sources */,
				C0F8458024585A9C00780563 /* Frameworks */,
				C0F8458124585A9C00780563 /* Resources */,
				C0E5C5F024646CBA007CEF9F /* ShellScript */,
			);
			buildRules = (
			);
			dependencies = (
			);
			name = DocumentPDF;
			productName = DocumentPDF;
			productReference = C0F8458324585A9C00780563 /* DocumentPDF.app */;
			productType = "com.apple.product-type.application";
		};
/* End PBXNativeTarget section */

/* Begin PBXProject section */
		C0F8457B24585A9C00780563 /* Project object */ = {
			isa = PBXProject;
			attributes = {
				LastSwiftUpdateCheck = 1000;
				LastUpgradeCheck = 1000;
				ORGANIZATIONNAME = "ehsan sat";
				TargetAttributes = {
					C0F8458224585A9C00780563 = {
						CreatedOnToolsVersion = 10.0;
					};
				};
			};
			buildConfigurationList = C0F8457E24585A9C00780563 /* Build configuration list for PBXProject "DocumentPDF" */;
			compatibilityVersion = "Xcode 9.3";
			developmentRegion = en;
			hasScannedForEncodings = 0;
			knownRegions = (
				en,
				Base,
			);
			mainGroup = C0F8457A24585A9B00780563;
			productRefGroup = C0F8458424585A9C00780563 /* Products */;
			projectDirPath = "";
			projectRoot = "";
			targets = (
				C0F8458224585A9C00780563 /* DocumentPDF */,
			);
		};
/* End PBXProject section */

/* Begin PBXResourcesBuildPhase section */
		C0F8458124585A9C00780563 /* Resources */ = {
			isa = PBXResourcesBuildPhase;
			buildActionMask = 2147483647;
			files = (
				C0E5C5F324646DC4007CEF9F /* .swiftlint.yml in Resources */,
				C0F8459124585A9F00780563 /* LaunchScreen.storyboard in Resources */,
				C0F8458E24585A9F00780563 /* Assets.xcassets in Resources */,
				C0F8458C24585A9C00780563 /* Main.storyboard in Resources */,
			);
			runOnlyForDeploymentPostprocessing = 0;
		};
/* End PBXResourcesBuildPhase section */

/* Begin PBXShellScriptBuildPhase section */
		4AE0578462DF3F758955C8E4 /* [CP] Check Pods Manifest.lock */ = {
			isa = PBXShellScriptBuildPhase;
			buildActionMask = 2147483647;
			files = (
			);
			inputFileListPaths = (
			);
			inputPaths = (
				"${PODS_PODFILE_DIR_PATH}/Podfile.lock",
				"${PODS_ROOT}/Manifest.lock",
			);
			name = "[CP] Check Pods Manifest.lock";
			outputFileListPaths = (
			);
			outputPaths = (
				"$(DERIVED_FILE_DIR)/Pods-DocumentPDF-checkManifestLockResult.txt",
			);
			runOnlyForDeploymentPostprocessing = 0;
			shellPath = /bin/sh;
			shellScript = "diff \"${PODS_PODFILE_DIR_PATH}/Podfile.lock\" \"${PODS_ROOT}/Manifest.lock\" > /dev/null\nif [ $? != 0 ] ; then\n    # print error to STDERR\n    echo \"error: The sandbox is not in sync with the Podfile.lock. Run 'pod install' or update your CocoaPods installation.\" >&2\n    exit 1\nfi\n# This output is used by Xcode 'outputs' to avoid re-running this script phase.\necho \"SUCCESS\" > \"${SCRIPT_OUTPUT_FILE_0}\"\n";
			showEnvVarsInLog = 0;
		};
		C0E5C5F024646CBA007CEF9F /* ShellScript */ = {
			isa = PBXShellScriptBuildPhase;
			buildActionMask = 2147483647;
			files = (
			);
			inputFileListPaths = (
			);
			inputPaths = (
			);
			outputFileListPaths = (
			);
			outputPaths = (
			);
			runOnlyForDeploymentPostprocessing = 0;
			shellPath = /bin/sh;
			shellScript = "# Type a script or drag a script file from your workspace to insert its path.\nif which swiftlint >/dev/null; then\n  swiftlint\nelse\n  echo \"warning: SwiftLint not installed, download from https://github.com/realm/SwiftLint\"\nfi\n";
		};
/* End PBXShellScriptBuildPhase section */

/* Begin PBXSourcesBuildPhase section */
		C0F8457F24585A9C00780563 /* Sources */ = {
			isa = PBXSourcesBuildPhase;
			buildActionMask = 2147483647;
			files = (
				C0A6C7F62462CCC70084111E /* InitialViewController.swift in Sources */,
				C0F8458924585A9C00780563 /* ViewController.swift in Sources */,
				C0F8459924585CE700780563 /* ImageViewController.swift in Sources */,
				C0F8458724585A9C00780563 /* AppDelegate.swift in Sources */,
				C0F8459B24595ED800780563 /* PDFViewController.swift in Sources */,
			);
			runOnlyForDeploymentPostprocessing = 0;
		};
/* End PBXSourcesBuildPhase section */

/* Begin PBXVariantGroup section */
		C0F8458A24585A9C00780563 /* Main.storyboard */ = {
			isa = PBXVariantGroup;
			children = (
				C0F8458B24585A9C00780563 /* Base */,
			);
			name = Main.storyboard;
			sourceTree = "<group>";
		};
		C0F8458F24585A9F00780563 /* LaunchScreen.storyboard */ = {
			isa = PBXVariantGroup;
			children = (
				C0F8459024585A9F00780563 /* Base */,
			);
			name = LaunchScreen.storyboard;
			sourceTree = "<group>";
		};
/* End PBXVariantGroup section */

/* Begin XCBuildConfiguration section */
		C0F8459324585A9F00780563 /* Debug */ = {
			isa = XCBuildConfiguration;
			buildSettings = {
				ALWAYS_SEARCH_USER_PATHS = NO;
				CLANG_ANALYZER_NONNULL = YES;
				CLANG_ANALYZER_NUMBER_OBJECT_CONVERSION = YES_AGGRESSIVE;
				CLANG_CXX_LANGUAGE_STANDARD = "gnu++14";
				CLANG_CXX_LIBRARY = "libc++";
				CLANG_ENABLE_MODULES = YES;
				CLANG_ENABLE_OBJC_ARC = YES;
				CLANG_ENABLE_OBJC_WEAK = YES;
				CLANG_WARN_BLOCK_CAPTURE_AUTORELEASING = YES;
				CLANG_WARN_BOOL_CONVERSION = YES;
				CLANG_WARN_COMMA = YES;
				CLANG_WARN_CONSTANT_CONVERSION = YES;
				CLANG_WARN_DEPRECATED_OBJC_IMPLEMENTATIONS = YES;
				CLANG_WARN_DIRECT_OBJC_ISA_USAGE = YES_ERROR;
				CLANG_WARN_DOCUMENTATION_COMMENTS = YES;
				CLANG_WARN_EMPTY_BODY = YES;
				CLANG_WARN_ENUM_CONVERSION = YES;
				CLANG_WARN_INFINITE_RECURSION = YES;
				CLANG_WARN_INT_CONVERSION = YES;
				CLANG_WARN_NON_LITERAL_NULL_CONVERSION = YES;
				CLANG_WARN_OBJC_IMPLICIT_RETAIN_SELF = YES;
				CLANG_WARN_OBJC_LITERAL_CONVERSION = YES;
				CLANG_WARN_OBJC_ROOT_CLASS = YES_ERROR;
				CLANG_WARN_RANGE_LOOP_ANALYSIS = YES;
				CLANG_WARN_STRICT_PROTOTYPES = YES;
				CLANG_WARN_SUSPICIOUS_MOVE = YES;
				CLANG_WARN_UNGUARDED_AVAILABILITY = YES_AGGRESSIVE;
				CLANG_WARN_UNREACHABLE_CODE = YES;
				CLANG_WARN__DUPLICATE_METHOD_MATCH = YES;
				CODE_SIGN_IDENTITY = "iPhone Developer";
				COPY_PHASE_STRIP = NO;
				DEBUG_INFORMATION_FORMAT = dwarf;
				ENABLE_STRICT_OBJC_MSGSEND = YES;
				ENABLE_TESTABILITY = YES;
				GCC_C_LANGUAGE_STANDARD = gnu11;
				GCC_DYNAMIC_NO_PIC = NO;
				GCC_NO_COMMON_BLOCKS = YES;
				GCC_OPTIMIZATION_LEVEL = 0;
				GCC_PREPROCESSOR_DEFINITIONS = (
					"DEBUG=1",
					"$(inherited)",
				);
				GCC_WARN_64_TO_32_BIT_CONVERSION = YES;
				GCC_WARN_ABOUT_RETURN_TYPE = YES_ERROR;
				GCC_WARN_UNDECLARED_SELECTOR = YES;
				GCC_WARN_UNINITIALIZED_AUTOS = YES_AGGRESSIVE;
				GCC_WARN_UNUSED_FUNCTION = YES;
				GCC_WARN_UNUSED_VARIABLE = YES;
				IPHONEOS_DEPLOYMENT_TARGET = 12.0;
				MTL_ENABLE_DEBUG_INFO = INCLUDE_SOURCE;
				MTL_FAST_MATH = YES;
				ONLY_ACTIVE_ARCH = YES;
				SDKROOT = iphoneos;
				SWIFT_ACTIVE_COMPILATION_CONDITIONS = DEBUG;
				SWIFT_OPTIMIZATION_LEVEL = "-Onone";
			};
			name = Debug;
		};
		C0F8459424585A9F00780563 /* Release */ = {
			isa = XCBuildConfiguration;
			buildSettings = {
				ALWAYS_SEARCH_USER_PATHS = NO;
				CLANG_ANALYZER_NONNULL = YES;
				CLANG_ANALYZER_NUMBER_OBJECT_CONVERSION = YES_AGGRESSIVE;
				CLANG_CXX_LANGUAGE_STANDARD = "gnu++14";
				CLANG_CXX_LIBRARY = "libc++";
				CLANG_ENABLE_MODULES = YES;
				CLANG_ENABLE_OBJC_ARC = YES;
				CLANG_ENABLE_OBJC_WEAK = YES;
				CLANG_WARN_BLOCK_CAPTURE_AUTORELEASING = YES;
				CLANG_WARN_BOOL_CONVERSION = YES;
				CLANG_WARN_COMMA = YES;
				CLANG_WARN_CONSTANT_CONVERSION = YES;
				CLANG_WARN_DEPRECATED_OBJC_IMPLEMENTATIONS = YES;
				CLANG_WARN_DIRECT_OBJC_ISA_USAGE = YES_ERROR;
				CLANG_WARN_DOCUMENTATION_COMMENTS = YES;
				CLANG_WARN_EMPTY_BODY = YES;
				CLANG_WARN_ENUM_CONVERSION = YES;
				CLANG_WARN_INFINITE_RECURSION = YES;
				CLANG_WARN_INT_CONVERSION = YES;
				CLANG_WARN_NON_LITERAL_NULL_CONVERSION = YES;
				CLANG_WARN_OBJC_IMPLICIT_RETAIN_SELF = YES;
				CLANG_WARN_OBJC_LITERAL_CONVERSION = YES;
				CLANG_WARN_OBJC_ROOT_CLASS = YES_ERROR;
				CLANG_WARN_RANGE_LOOP_ANALYSIS = YES;
				CLANG_WARN_STRICT_PROTOTYPES = YES;
				CLANG_WARN_SUSPICIOUS_MOVE = YES;
				CLANG_WARN_UNGUARDED_AVAILABILITY = YES_AGGRESSIVE;
				CLANG_WARN_UNREACHABLE_CODE = YES;
				CLANG_WARN__DUPLICATE_METHOD_MATCH = YES;
				CODE_SIGN_IDENTITY = "iPhone Developer";
				COPY_PHASE_STRIP = NO;
				DEBUG_INFORMATION_FORMAT = "dwarf-with-dsym";
				ENABLE_NS_ASSERTIONS = NO;
				ENABLE_STRICT_OBJC_MSGSEND = YES;
				GCC_C_LANGUAGE_STANDARD = gnu11;
				GCC_NO_COMMON_BLOCKS = YES;
				GCC_WARN_64_TO_32_BIT_CONVERSION = YES;
				GCC_WARN_ABOUT_RETURN_TYPE = YES_ERROR;
				GCC_WARN_UNDECLARED_SELECTOR = YES;
				GCC_WARN_UNINITIALIZED_AUTOS = YES_AGGRESSIVE;
				GCC_WARN_UNUSED_FUNCTION = YES;
				GCC_WARN_UNUSED_VARIABLE = YES;
				IPHONEOS_DEPLOYMENT_TARGET = 12.0;
				MTL_ENABLE_DEBUG_INFO = NO;
				MTL_FAST_MATH = YES;
				SDKROOT = iphoneos;
				SWIFT_COMPILATION_MODE = wholemodule;
				SWIFT_OPTIMIZATION_LEVEL = "-O";
				VALIDATE_PRODUCT = YES;
			};
			name = Release;
		};
		C0F8459624585A9F00780563 /* Debug */ = {
			isa = XCBuildConfiguration;
			baseConfigurationReference = B27309A570612706B9B823A1 /* Pods-DocumentPDF.debug.xcconfig */;
			buildSettings = {
				ASSETCATALOG_COMPILER_APPICON_NAME = AppIcon;
				CODE_SIGN_STYLE = Automatic;
				DEVELOPMENT_TEAM = 6JL95RH9A2;
				INFOPLIST_FILE = DocumentPDF/Info.plist;
				LD_RUNPATH_SEARCH_PATHS = (
					"$(inherited)",
					"@executable_path/Frameworks",
				);
				PRODUCT_BUNDLE_IDENTIFIER = Apple.DocumentPDF;
				PRODUCT_NAME = "$(TARGET_NAME)";
				SWIFT_VERSION = 4.2;
				TARGETED_DEVICE_FAMILY = "1,2";
			};
			name = Debug;
		};
		C0F8459724585A9F00780563 /* Release */ = {
			isa = XCBuildConfiguration;
			baseConfigurationReference = 1C1C63563EB53BF9E67E28EB /* Pods-DocumentPDF.release.xcconfig */;
			buildSettings = {
				ASSETCATALOG_COMPILER_APPICON_NAME = AppIcon;
				CODE_SIGN_STYLE = Automatic;
				DEVELOPMENT_TEAM = 6JL95RH9A2;
				INFOPLIST_FILE = DocumentPDF/Info.plist;
				LD_RUNPATH_SEARCH_PATHS = (
					"$(inherited)",
					"@executable_path/Frameworks",
				);
				PRODUCT_BUNDLE_IDENTIFIER = Apple.DocumentPDF;
				PRODUCT_NAME = "$(TARGET_NAME)";
				SWIFT_VERSION = 4.2;
				TARGETED_DEVICE_FAMILY = "1,2";
			};
			name = Release;
		};
/* End XCBuildConfiguration section */

/* Begin XCConfigurationList section */
		C0F8457E24585A9C00780563 /* Build configuration list for PBXProject "DocumentPDF" */ = {
			isa = XCConfigurationList;
			buildConfigurations = (
				C0F8459324585A9F00780563 /* Debug */,
				C0F8459424585A9F00780563 /* Release */,
			);
			defaultConfigurationIsVisible = 0;
			defaultConfigurationName = Release;
		};
		C0F8459524585A9F00780563 /* Build configuration list for PBXNativeTarget "DocumentPDF" */ = {
			isa = XCConfigurationList;
			buildConfigurations = (
				C0F8459624585A9F00780563 /* Debug */,
				C0F8459724585A9F00780563 /* Release */,
			);
			defaultConfigurationIsVisible = 0;
			defaultConfigurationName = Release;
		};
/* End XCConfigurationList section */
	};
	rootObject = C0F8457B24585A9C00780563 /* Project object */;
}
